<?xml version="1.0" encoding="utf-8"?>
<Project ToolsVersion="4.0" xmlns="http://schemas.microsoft.com/developer/msbuild/2003">
  <ItemGroup>
    <Filter Include="Core">
      <UniqueIdentifier>{2EB4837C-1AEB-840D-C3D7-6A10AFED000F}</UniqueIdentifier>
    </Filter>
    <Filter Include="Core\Events">
      <UniqueIdentifier>{52201B74-BED5-9369-47CA-8D40B37E8A6D}</UniqueIdentifier>
    </Filter>
    <Filter Include="ThirdParts">
      <UniqueIdentifier>{0A7145F9-F628-8746-5F30-60A24B072237}</UniqueIdentifier>
    </Filter>
    <Filter Include="ThirdParts\GLFW">
      <UniqueIdentifier>{8962223E-F5ED-8F02-FEFE-12F76A09EC02}</UniqueIdentifier>
    </Filter>
    <Filter Include="ThirdParts\GLFW\deps">
      <UniqueIdentifier>{44720D40-3001-9709-D91F-AB04C58DA7AF}</UniqueIdentifier>
    </Filter>
    <Filter Include="ThirdParts\GLFW\deps\glad">
      <UniqueIdentifier>{CB4F70DE-3712-A468-80C2-32F5ECC37C46}</UniqueIdentifier>
    </Filter>
    <Filter Include="ThirdParts\GLFW\deps\mingw">
      <UniqueIdentifier>{356FE5AC-217F-917D-8A38-F69B76678016}</UniqueIdentifier>
    </Filter>
    <Filter Include="ThirdParts\GLFW\deps\vs2008">
      <UniqueIdentifier>{E6DE245F-52EC-5245-DBD2-4E3047DF1EFC}</UniqueIdentifier>
    </Filter>
    <Filter Include="ThirdParts\GLFW\include">
      <UniqueIdentifier>{FC028A34-683A-D2CB-7144-36EFDDFAF8C4}</UniqueIdentifier>
    </Filter>
    <Filter Include="ThirdParts\GLFW\include\GLFW">
      <UniqueIdentifier>{BBFB6994-A7B6-5940-506E-D28A3C08A4D0}</UniqueIdentifier>
    </Filter>
    <Filter Include="ThirdParts\GLFW\src">
      <UniqueIdentifier>{203D4E76-8C9E-2B84-150C-7236816C6243}</UniqueIdentifier>
    </Filter>
  </ItemGroup>
  <ItemGroup>
    <ClInclude Include="Source\Bo0mEngine.h" />
    <ClInclude Include="Source\Core\Application.h">
      <Filter>Core</Filter>
    </ClInclude>
    <ClInclude Include="Source\Core\Core.h">
      <Filter>Core</Filter>
    </ClInclude>
    <ClInclude Include="Source\Core\Entry.h">
      <Filter>Core</Filter>
    </ClInclude>
    <ClInclude Include="Source\Core\Events\ApplicationEvent.h">
      <Filter>Core\Events</Filter>
    </ClInclude>
    <ClInclude Include="Source\Core\Events\Event.h">
      <Filter>Core\Events</Filter>
    </ClInclude>
    <ClInclude Include="Source\Core\Events\KeyEvent.h">
      <Filter>Core\Events</Filter>
    </ClInclude>
    <ClInclude Include="Source\Core\Events\MouseEvent.h">
      <Filter>Core\Events</Filter>
    </ClInclude>
    <ClInclude Include="Source\Core\Log.h">
      <Filter>Core</Filter>
    </ClInclude>
    <ClInclude Include="Source\ThirdParts\GLFW\deps\getopt.h">
      <Filter>ThirdParts\GLFW\deps</Filter>
    </ClInclude>
    <ClInclude Include="Source\ThirdParts\GLFW\deps\glad\gl.h">
      <Filter>ThirdParts\GLFW\deps\glad</Filter>
    </ClInclude>
    <ClInclude Include="Source\ThirdParts\GLFW\deps\glad\khrplatform.h">
      <Filter>ThirdParts\GLFW\deps\glad</Filter>
    </ClInclude>
    <ClInclude Include="Source\ThirdParts\GLFW\deps\glad\vk_platform.h">
      <Filter>ThirdParts\GLFW\deps\glad</Filter>
    </ClInclude>
    <ClInclude Include="Source\ThirdParts\GLFW\deps\glad\vulkan.h">
      <Filter>ThirdParts\GLFW\deps\glad</Filter>
    </ClInclude>
    <ClInclude Include="Source\ThirdParts\GLFW\deps\linmath.h">
      <Filter>ThirdParts\GLFW\deps</Filter>
    </ClInclude>
    <ClInclude Include="Source\ThirdParts\GLFW\deps\mingw\_mingw_dxhelper.h">
      <Filter>ThirdParts\GLFW\deps\mingw</Filter>
    </ClInclude>
    <ClInclude Include="Source\ThirdParts\GLFW\deps\mingw\dinput.h">
      <Filter>ThirdParts\GLFW\deps\mingw</Filter>
    </ClInclude>
    <ClInclude Include="Source\ThirdParts\GLFW\deps\mingw\xinput.h">
      <Filter>ThirdParts\GLFW\deps\mingw</Filter>
    </ClInclude>
    <ClInclude Include="Source\ThirdParts\GLFW\deps\nuklear.h">
      <Filter>ThirdParts\GLFW\deps</Filter>
    </ClInclude>
    <ClInclude Include="Source\ThirdParts\GLFW\deps\nuklear_glfw_gl2.h">
      <Filter>ThirdParts\GLFW\deps</Filter>
    </ClInclude>
    <ClInclude Include="Source\ThirdParts\GLFW\deps\stb_image_write.h">
      <Filter>ThirdParts\GLFW\deps</Filter>
    </ClInclude>
    <ClInclude Include="Source\ThirdParts\GLFW\deps\tinycthread.h">
      <Filter>ThirdParts\GLFW\deps</Filter>
    </ClInclude>
    <ClInclude Include="Source\ThirdParts\GLFW\deps\vs2008\stdint.h">
      <Filter>ThirdParts\GLFW\deps\vs2008</Filter>
    </ClInclude>
    <ClInclude Include="Source\ThirdParts\GLFW\include\GLFW\glfw3.h">
      <Filter>ThirdParts\GLFW\include\GLFW</Filter>
    </ClInclude>
    <ClInclude Include="Source\ThirdParts\GLFW\include\GLFW\glfw3native.h">
      <Filter>ThirdParts\GLFW\include\GLFW</Filter>
    </ClInclude>
    <ClInclude Include="Source\ThirdParts\GLFW\src\cocoa_joystick.h">
      <Filter>ThirdParts\GLFW\src</Filter>
    </ClInclude>
    <ClInclude Include="Source\ThirdParts\GLFW\src\cocoa_platform.h">
      <Filter>ThirdParts\GLFW\src</Filter>
    </ClInclude>
    <ClInclude Include="Source\ThirdParts\GLFW\src\egl_context.h">
      <Filter>ThirdParts\GLFW\src</Filter>
    </ClInclude>
    <ClInclude Include="Source\ThirdParts\GLFW\src\glx_context.h">
      <Filter>ThirdParts\GLFW\src</Filter>
    </ClInclude>
    <ClInclude Include="Source\ThirdParts\GLFW\src\internal.h">
      <Filter>ThirdParts\GLFW\src</Filter>
    </ClInclude>
    <ClInclude Include="Source\ThirdParts\GLFW\src\linux_joystick.h">
      <Filter>ThirdParts\GLFW\src</Filter>
    </ClInclude>
    <ClInclude Include="Source\ThirdParts\GLFW\src\mappings.h">
      <Filter>ThirdParts\GLFW\src</Filter>
    </ClInclude>
    <ClInclude Include="Source\ThirdParts\GLFW\src\nsgl_context.h">
      <Filter>ThirdParts\GLFW\src</Filter>
    </ClInclude>
    <ClInclude Include="Source\ThirdParts\GLFW\src\null_joystick.h">
      <Filter>ThirdParts\GLFW\src</Filter>
    </ClInclude>
    <ClInclude Include="Source\ThirdParts\GLFW\src\null_platform.h">
      <Filter>ThirdParts\GLFW\src</Filter>
    </ClInclude>
    <ClInclude Include="Source\ThirdParts\GLFW\src\osmesa_context.h">
      <Filter>ThirdParts\GLFW\src</Filter>
    </ClInclude>
    <ClInclude Include="Source\ThirdParts\GLFW\src\posix_thread.h">
      <Filter>ThirdParts\GLFW\src</Filter>
    </ClInclude>
    <ClInclude Include="Source\ThirdParts\GLFW\src\posix_time.h">
      <Filter>ThirdParts\GLFW\src</Filter>
    </ClInclude>
    <ClInclude Include="Source\ThirdParts\GLFW\src\wgl_context.h">
      <Filter>ThirdParts\GLFW\src</Filter>
    </ClInclude>
    <ClInclude Include="Source\ThirdParts\GLFW\src\win32_joystick.h">
      <Filter>ThirdParts\GLFW\src</Filter>
    </ClInclude>
    <ClInclude Include="Source\ThirdParts\GLFW\src\win32_platform.h">
      <Filter>ThirdParts\GLFW\src</Filter>
    </ClInclude>
    <ClInclude Include="Source\ThirdParts\GLFW\src\wl_platform.h">
      <Filter>ThirdParts\GLFW\src</Filter>
    </ClInclude>
    <ClInclude Include="Source\ThirdParts\GLFW\src\x11_platform.h">
      <Filter>ThirdParts\GLFW\src</Filter>
    </ClInclude>
    <ClInclude Include="Source\ThirdParts\GLFW\src\xkb_unicode.h">
      <Filter>ThirdParts\GLFW\src</Filter>
    </ClInclude>
    <ClInclude Include="Source\bepch.h" />
  </ItemGroup>
  <ItemGroup>
    <ClCompile Include="Source\Core\Application.cpp">
      <Filter>Core</Filter>
    </ClCompile>
    <ClCompile Include="Source\Core\Core.cpp">
      <Filter>Core</Filter>
    </ClCompile>
    <ClCompile Include="Source\Core\Log.cpp">
      <Filter>Core</Filter>
    </ClCompile>
    <ClCompile Include="Source\bepch.cpp" />
  </ItemGroup>
</Project>